
Microsoft Visual Studio Solution File, Format Version 12.00
# Visual Studio Version 17
VisualStudioVersion = 17.8.34511.84
MinimumVisualStudioVersion = 10.0.40219.1
Project("{FAE04EC0-301F-11D3-BF4B-00C04F79EFBC}") = "EmpInfoUpdateV3", "EmpInfoUpdateV3\EmpInfoUpdateV3.csproj", "{B907C123-AD46-44BB-91E1-7A3159108FEC}"
EndProject
Global
	GlobalSection(SolutionConfigurationPlatforms) = preSolution
		Debug|Any CPU = Debug|Any CPU
		Release|Any CPU = Release|Any CPU
	EndGlobalSection
	GlobalSection(ProjectConfigurationPlatforms) = postSolution
		{B907C123-AD46-44BB-91E1-7A3159108FEC}.Debug|Any CPU.ActiveCfg = Debug|Any CPU
		{B907C123-AD46-44BB-91E1-7A3159108FEC}.Debug|Any CPU.Build.0 = Debug|Any CPU
		{B907C123-AD46-44BB-91E1-7A3159108FEC}.Release|Any CPU.ActiveCfg = Release|Any CPU
		{B907C123-AD46-44BB-91E1-7A3159108FEC}.Release|Any CPU.Build.0 = Release|Any CPU
	EndGlobalSection
	GlobalSection(SolutionProperties) = preSolution
		HideSolutionNode = FALSE
	EndGlobalSection
	GlobalSection(ExtensibilityGlobals) = postSolution
		SolutionGuid = {AA65AECD-F113-4AC1-B6D9-2C526D4DF5B4}
	EndGlobalSection
EndGlobal
